{
  "originHash" : "11967fc56c19b2dd2d9919cf5035a9e71a18be9b5dc3c8ec1e0b29f2330cf82a",
  "pins" : [
    {
      "identity" : "doccarchive",
      "kind" : "remoteSourceControl",
      "location" : "https://github.com/DoccZz/DocCArchive.git",
      "state" : {
        "revision" : "13ef149ce185e90a0a6c310135c1c7c479824b39",
        "version" : "0.4.1"
      }
    }
  ],
  "version" : 3
}
